// !$*UTF8*$!
{
	archiveVersion = 1;
	classes = {
	};
	objectVersion = 77;
	objects = {

/* Begin PBXContainerItemProxy section */
		2CC8EE992E0888B0002750A1 /* PBXContainerItemProxy */ = {
			isa = PBXContainerItemProxy;
			containerPortal = 2CC8EE802E0888AF002750A1 /* Project object */;
			proxyType = 1;
			remoteGlobalIDString = 2CC8EE872E0888AF002750A1;
			remoteInfo = InternsProject;
		};
		2CC8EEA32E0888B0002750A1 /* PBXContainerItemProxy */ = {
			isa = PBXContainerItemProxy;
			containerPortal = 2CC8EE802E0888AF002750A1 /* Project object */;
			proxyType = 1;
			remoteGlobalIDString = 2CC8EE872E0888AF002750A1;
			remoteInfo = InternsProject;
		};
/* End PBXContainerItemProxy section */

/* Begin PBXFileReference section */
		2CC8EE882E0888AF002750A1 /* InternsProject.app */ = {isa = PBXFileReference; explicitFileType = wrapper.application; includeInIndex = 0; path = InternsProject.app; sourceTree = BUILT_PRODUCTS_DIR; };
		2CC8EE982E0888B0002750A1 /* InternsProjectTests.xctest */ = {isa = PBXFileReference; explicitFileType = wrapper.cfbundle; includeInIndex = 0; path = InternsProjectTests.xctest; sourceTree = BUILT_PRODUCTS_DIR; };
		2CC8EEA22E0888B0002750A1 /* InternsProjectUITests.xctest */ = {isa = PBXFileReference; explicitFileType = wrapper.cfbundle; includeInIndex = 0; path = InternsProjectUITests.xctest; sourceTree = BUILT_PRODUCTS_DIR; };
/* End PBXFileReference section */

/* Begin PBXFileSystemSynchronizedRootGroup section */
		2CC8EE8A2E0888AF002750A1 /* InternsProject */ = {
			isa = PBXFileSystemSynchronizedRootGroup;
			path = InternsProject;
			sourceTree = "<group>";
		};
		2CC8EE9B2E0888B0002750A1 /* InternsProjectTests */ = {
			isa = PBXFileSystemSynchronizedRootGroup;
			path = InternsProjectTests;
			sourceTree = "<group>";
		};
		2CC8EEA52E0888B0002750A1 /* InternsProjectUITests */ = {
			isa = PBXFileSystemSynchronizedRootGroup;
			path = InternsProjectUITests;
			sourceTree = "<group>";
		};
/* End PBXFileSystemSynchronizedRootGroup section */

/* Begin PBXFrameworksBuildPhase section */
		2CC8EE852E0888AF002750A1 /* Frameworks */ = {
			isa = PBXFrameworksBuildPhase;
			buildActionMask = 2147483647;
			files = (
			);
			runOnlyForDeploymentPostprocessing = 0;
		};
		2CC8EE952E0888B0002750A1 /* Frameworks */ = {
			isa = PBXFrameworksBuildPhase;
			buildActionMask = 2147483647;
			files = (
			);
			runOnlyForDeploymentPostprocessing = 0;
		};
		2CC8EE9F2E0888B0002750A1 /* Frameworks */ = {
			isa = PBXFrameworksBuildPhase;
			buildActionMask = 2147483647;
			files = (
			);
			runOnlyForDeploymentPostprocessing = 0;
		};
/* End PBXFrameworksBuildPhase section */

/* Begin PBXGroup section */
		2CC8EE7F2E0888AF002750A1 = {
			isa = PBXGroup;
			children = (
				2CC8EE8A2E0888AF002750A1 /* InternsProject */,
				2CC8EE9B2E0888B0002750A1 /* InternsProjectTests */,
				2CC8EEA52E0888B0002750A1 /* InternsProjectUITests */,
				2CC8EE892E0888AF002750A1 /* Products */,
			);
			sourceTree = "<group>";
		};
		2CC8EE892E0888AF002750A1 /* Products */ = {
			isa = PBXGroup;
			children = (
				2CC8EE882E0888AF002750A1 /* InternsProject.app */,
				2CC8EE982E0888B0002750A1 /* InternsProjectTests.xctest */,
				2CC8EEA22E0888B0002750A1 /* InternsProjectUITests.xctest */,
			);
			name = Products;
			sourceTree = "<group>";
		};
/* End PBXGroup section */

/* Begin PBXNativeTarget section */
		2CC8EE872E0888AF002750A1 /* InternsProject */ = {
			isa = PBXNativeTarget;
			buildConfigurationList = 2CC8EEAC2E0888B0002750A1 /* Build configuration list for PBXNativeTarget "InternsProject" */;
			buildPhases = (
				2CC8EE842E0888AF002750A1 /* Sources */,
				2CC8EE852E0888AF002750A1 /* Frameworks */,
				2CC8EE862E0888AF002750A1 /* Resources */,
			);
			buildRules = (
			);
			dependencies = (
			);
			fileSystemSynchronizedGroups = (
				2CC8EE8A2E0888AF002750A1 /* InternsProject */,
			);
			name = InternsProject;
			packageProductDependencies = (
			);
			productName = InternsProject;
			productReference = 2CC8EE882E0888AF002750A1 /* InternsProject.app */;
			productType = "com.apple.product-type.application";
		};
		2CC8EE972E0888B0002750A1 /* InternsProjectTests */ = {
			isa = PBXNativeTarget;
			buildConfigurationList = 2CC8EEAF2E0888B0002750A1 /* Build configuration list for PBXNativeTarget "InternsProjectTests" */;
			buildPhases = (
				2CC8EE942E0888B0002750A1 /* Sources */,
				2CC8EE952E0888B0002750A1 /* Frameworks */,
				2CC8EE962E0888B0002750A1 /* Resources */,
			);
			buildRules = (
			);
			dependencies = (
				2CC8EE9A2E0888B0002750A1 /* PBXTargetDependency */,
			);
			fileSystemSynchronizedGroups = (
				2CC8EE9B2E0888B0002750A1 /* InternsProjectTests */,
			);
			name = InternsProjectTests;
			packageProductDependencies = (
			);
			productName = InternsProjectTests;
			productReference = 2CC8EE982E0888B0002750A1 /* InternsProjectTests.xctest */;
			productType = "com.apple.product-type.bundle.unit-test";
		};
		2CC8EEA12E0888B0002750A1 /* InternsProjectUITests */ = {
			isa = PBXNativeTarget;
			buildConfigurationList = 2CC8EEB22E0888B0002750A1 /* Build configuration list for PBXNativeTarget "InternsProjectUITests" */;
			buildPhases = (
				2CC8EE9E2E0888B0002750A1 /* Sources */,
				2CC8EE9F2E0888B0002750A1 /* Frameworks */,
				2CC8EEA02E0888B0002750A1 /* Resources */,
			);
			buildRules = (
			);
			dependencies = (
				2CC8EEA42E0888B0002750A1 /* PBXTargetDependency */,
			);
			fileSystemSynchronizedGroups = (
				2CC8EEA52E0888B0002750A1 /* InternsProjectUITests */,
			);
			name = InternsProjectUITests;
			packageProductDependencies = (
			);
			productName = InternsProjectUITests;
			productReference = 2CC8EEA22E0888B0002750A1 /* InternsProjectUITests.xctest */;
			productType = "com.apple.product-type.bundle.ui-testing";
		};
/* End PBXNativeTarget section */

/* Begin PBXProject section */
		2CC8EE802E0888AF002750A1 /* Project object */ = {
			isa = PBXProject;
			attributes = {
				BuildIndependentTargetsInParallel = 1;
				LastSwiftUpdateCheck = 1610;
				LastUpgradeCheck = 1610;
				TargetAttributes = {
					2CC8EE872E0888AF002750A1 = {
						CreatedOnToolsVersion = 16.1;
					};
					2CC8EE972E0888B0002750A1 = {
						CreatedOnToolsVersion = 16.1;
						TestTargetID = 2CC8EE872E0888AF002750A1;
					};
					2CC8EEA12E0888B0002750A1 = {
						CreatedOnToolsVersion = 16.1;
						TestTargetID = 2CC8EE872E0888AF002750A1;
					};
				};
			};
			buildConfigurationList = 2CC8EE832E0888AF002750A1 /* Build configuration list for PBXProject "InternsProject" */;
			developmentRegion = en;
			hasScannedForEncodings = 0;
			knownRegions = (
				en,
				Base,
			);
			mainGroup = 2CC8EE7F2E0888AF002750A1;
			minimizedProjectReferenceProxies = 1;
			preferredProjectObjectVersion = 77;
			productRefGroup = 2CC8EE892E0888AF002750A1 /* Products */;
			projectDirPath = "";
			projectRoot = "";
			targets = (
				2CC8EE872E0888AF002750A1 /* InternsProject */,
				2CC8EE972E0888B0002750A1 /* InternsProjectTests */,
				2CC8EEA12E0888B0002750A1 /* InternsProjectUITests */,
			);
		};
/* End PBXProject section */

/* Begin PBXResourcesBuildPhase section */
		2CC8EE862E0888AF002750A1 /* Resources */ = {
			isa = PBXResourcesBuildPhase;
			buildActionMask = 2147483647;
			files = (
			);
			runOnlyForDeploymentPostprocessing = 0;
		};
		2CC8EE962E0888B0002750A1 /* Resources */ = {
			isa = PBXResourcesBuildPhase;
			buildActionMask = 2147483647;
			files = (
			);
			runOnlyForDeploymentPostprocessing = 0;
		};
		2CC8EEA02E0888B0002750A1 /* Resources */ = {
			isa = PBXResourcesBuildPhase;
			buildActionMask = 2147483647;
			files = (
			);
			runOnlyForDeploymentPostprocessing = 0;
		};
/* End PBXResourcesBuildPhase section */

/* Begin PBXSourcesBuildPhase section */
		2CC8EE842E0888AF002750A1 /* Sources */ = {
			isa = PBXSourcesBuildPhase;
			buildActionMask = 2147483647;
			files = (
			);
			runOnlyForDeploymentPostprocessing = 0;
		};
		2CC8EE942E0888B0002750A1 /* Sources */ = {
			isa = PBXSourcesBuildPhase;
			buildActionMask = 2147483647;
			files = (
			);
			runOnlyForDeploymentPostprocessing = 0;
		};
		2CC8EE9E2E0888B0002750A1 /* Sources */ = {
			isa = PBXSourcesBuildPhase;
			buildActionMask = 2147483647;
			files = (
			);
			runOnlyForDeploymentPostprocessing = 0;
		};
/* End PBXSourcesBuildPhase section */

/* Begin PBXTargetDependency section */
		2CC8EE9A2E0888B0002750A1 /* PBXTargetDependency */ = {
			isa = PBXTargetDependency;
			target = 2CC8EE872E0888AF002750A1 /* InternsProject */;
			targetProxy = 2CC8EE992E0888B0002750A1 /* PBXContainerItemProxy */;
		};
		2CC8EEA42E0888B0002750A1 /* PBXTargetDependency */ = {
			isa = PBXTargetDependency;
			target = 2CC8EE872E0888AF002750A1 /* InternsProject */;
			targetProxy = 2CC8EEA32E0888B0002750A1 /* PBXContainerItemProxy */;
		};
/* End PBXTargetDependency section */

/* Begin XCBuildConfiguration section */
		2CC8EEAA2E0888B0002750A1 /* Debug */ = {
			isa = XCBuildConfiguration;
			buildSettings = {
				ALWAYS_SEARCH_USER_PATHS = NO;
				ASSETCATALOG_COMPILER_GENERATE_SWIFT_ASSET_SYMBOL_EXTENSIONS = YES;
				CLANG_ANALYZER_NONNULL = YES;
				CLANG_ANALYZER_NUMBER_OBJECT_CONVERSION = YES_AGGRESSIVE;
				CLANG_CXX_LANGUAGE_STANDARD = "gnu++20";
				CLANG_ENABLE_MODULES = YES;
				CLANG_ENABLE_OBJC_ARC = YES;
				CLANG_ENABLE_OBJC_WEAK = YES;
				CLANG_WARN_BLOCK_CAPTURE_AUTORELEASING = YES;
				CLANG_WARN_BOOL_CONVERSION = YES;
				CLANG_WARN_COMMA = YES;
				CLANG_WARN_CONSTANT_CONVERSION = YES;
				CLANG_WARN_DEPRECATED_OBJC_IMPLEMENTATIONS = YES;
				CLANG_WARN_DIRECT_OBJC_ISA_USAGE = YES_ERROR;
				CLANG_WARN_DOCUMENTATION_COMMENTS = YES;
				CLANG_WARN_EMPTY_BODY = YES;
				CLANG_WARN_ENUM_CONVERSION = YES;
				CLANG_WARN_INFINITE_RECURSION = YES;
				CLANG_WARN_INT_CONVERSION = YES;
				CLANG_WARN_NON_LITERAL_NULL_CONVERSION = YES;
				CLANG_WARN_OBJC_IMPLICIT_RETAIN_SELF = YES;
				CLANG_WARN_OBJC_LITERAL_CONVERSION = YES;
				CLANG_WARN_OBJC_ROOT_CLASS = YES_ERROR;
				CLANG_WARN_QUOTED_INCLUDE_IN_FRAMEWORK_HEADER = YES;
				CLANG_WARN_RANGE_LOOP_ANALYSIS = YES;
				CLANG_WARN_STRICT_PROTOTYPES = YES;
				CLANG_WARN_SUSPICIOUS_MOVE = YES;
				CLANG_WARN_UNGUARDED_AVAILABILITY = YES_AGGRESSIVE;
				CLANG_WARN_UNREACHABLE_CODE = YES;
				CLANG_WARN__DUPLICATE_METHOD_MATCH = YES;
				COPY_PHASE_STRIP = NO;
				DEBUG_INFORMATION_FORMAT = dwarf;
				ENABLE_STRICT_OBJC_MSGSEND = YES;
				ENABLE_TESTABILITY = YES;
				ENABLE_USER_SCRIPT_SANDBOXING = YES;
				GCC_C_LANGUAGE_STANDARD = gnu17;
				GCC_DYNAMIC_NO_PIC = NO;
				GCC_NO_COMMON_BLOCKS = YES;
				GCC_OPTIMIZATION_LEVEL = 0;
				GCC_PREPROCESSOR_DEFINITIONS = (
					"DEBUG=1",
					"$(inherited)",
				);
				GCC_WARN_64_TO_32_BIT_CONVERSION = YES;
				GCC_WARN_ABOUT_RETURN_TYPE = YES_ERROR;
				GCC_WARN_UNDECLARED_SELECTOR = YES;
				GCC_WARN_UNINITIALIZED_AUTOS = YES_AGGRESSIVE;
				GCC_WARN_UNUSED_FUNCTION = YES;
				GCC_WARN_UNUSED_VARIABLE = YES;
				IPHONEOS_DEPLOYMENT_TARGET = 18.1;
				LOCALIZATION_PREFERS_STRING_CATALOGS = YES;
				MTL_ENABLE_DEBUG_INFO = INCLUDE_SOURCE;
				MTL_FAST_MATH = YES;
				ONLY_ACTIVE_ARCH = YES;
				SDKROOT = iphoneos;
				SWIFT_ACTIVE_COMPILATION_CONDITIONS = "DEBUG $(inherited)";
				SWIFT_OPTIMIZATION_LEVEL = "-Onone";
			};
			name = Debug;
		};
		2CC8EEAB2E0888B0002750A1 /* Release */ = {
			isa = XCBuildConfiguration;
			buildSettings = {
				ALWAYS_SEARCH_USER_PATHS = NO;
				ASSETCATALOG_COMPILER_GENERATE_SWIFT_ASSET_SYMBOL_EXTENSIONS = YES;
				CLANG_ANALYZER_NONNULL = YES;
				CLANG_ANALYZER_NUMBER_OBJECT_CONVERSION = YES_AGGRESSIVE;
				CLANG_CXX_LANGUAGE_STANDARD = "gnu++20";
				CLANG_ENABLE_MODULES = YES;
				CLANG_ENABLE_OBJC_ARC = YES;
				CLANG_ENABLE_OBJC_WEAK = YES;
				CLANG_WARN_BLOCK_CAPTURE_AUTORELEASING = YES;
				CLANG_WARN_BOOL_CONVERSION = YES;
				CLANG_WARN_COMMA = YES;
				CLANG_WARN_CONSTANT_CONVERSION = YES;
				CLANG_WARN_DEPRECATED_OBJC_IMPLEMENTATIONS = YES;
				CLANG_WARN_DIRECT_OBJC_ISA_USAGE = YES_ERROR;
				CLANG_WARN_DOCUMENTATION_COMMENTS = YES;
				CLANG_WARN_EMPTY_BODY = YES;
				CLANG_WARN_ENUM_CONVERSION = YES;
				CLANG_WARN_INFINITE_RECURSION = YES;
				CLANG_WARN_INT_CONVERSION = YES;
				CLANG_WARN_NON_LITERAL_NULL_CONVERSION = YES;
				CLANG_WARN_OBJC_IMPLICIT_RETAIN_SELF = YES;
				CLANG_WARN_OBJC_LITERAL_CONVERSION = YES;
				CLANG_WARN_OBJC_ROOT_CLASS = YES_ERROR;
				CLANG_WARN_QUOTED_INCLUDE_IN_FRAMEWORK_HEADER = YES;
				CLANG_WARN_RANGE_LOOP_ANALYSIS = YES;
				CLANG_WARN_STRICT_PROTOTYPES = YES;
				CLANG_WARN_SUSPICIOUS_MOVE = YES;
				CLANG_WARN_UNGUARDED_AVAILABILITY = YES_AGGRESSIVE;
				CLANG_WARN_UNREACHABLE_CODE = YES;
				CLANG_WARN__DUPLICATE_METHOD_MATCH = YES;
				COPY_PHASE_STRIP = NO;
				DEBUG_INFORMATION_FORMAT = "dwarf-with-dsym";
				ENABLE_NS_ASSERTIONS = NO;
				ENABLE_STRICT_OBJC_MSGSEND = YES;
				ENABLE_USER_SCRIPT_SANDBOXING = YES;
				GCC_C_LANGUAGE_STANDARD = gnu17;
				GCC_NO_COMMON_BLOCKS = YES;
				GCC_WARN_64_TO_32_BIT_CONVERSION = YES;
				GCC_WARN_ABOUT_RETURN_TYPE = YES_ERROR;
				GCC_WARN_UNDECLARED_SELECTOR = YES;
				GCC_WARN_UNINITIALIZED_AUTOS = YES_AGGRESSIVE;
				GCC_WARN_UNUSED_FUNCTION = YES;
				GCC_WARN_UNUSED_VARIABLE = YES;
				IPHONEOS_DEPLOYMENT_TARGET = 18.1;
				LOCALIZATION_PREFERS_STRING_CATALOGS = YES;
				MTL_ENABLE_DEBUG_INFO = NO;
				MTL_FAST_MATH = YES;
				SDKROOT = iphoneos;
				SWIFT_COMPILATION_MODE = wholemodule;
				VALIDATE_PRODUCT = YES;
			};
			name = Release;
		};
		2CC8EEAD2E0888B0002750A1 /* Debug */ = {
			isa = XCBuildConfiguration;
			buildSettings = {
				ASSETCATALOG_COMPILER_APPICON_NAME = AppIcon;
				ASSETCATALOG_COMPILER_GLOBAL_ACCENT_COLOR_NAME = AccentColor;
				CODE_SIGN_STYLE = Automatic;
				CURRENT_PROJECT_VERSION = 1;
				DEVELOPMENT_ASSET_PATHS = "\"InternsProject/Preview Content\"";
				DEVELOPMENT_TEAM = FZH5DP26CC;
				ENABLE_PREVIEWS = YES;
				GENERATE_INFOPLIST_FILE = YES;
				INFOPLIST_KEY_UIApplicationSceneManifest_Generation = YES;
				INFOPLIST_KEY_UIApplicationSupportsIndirectInputEvents = YES;
				INFOPLIST_KEY_UILaunchScreen_Generation = YES;
				INFOPLIST_KEY_UISupportedInterfaceOrientations_iPad = "UIInterfaceOrientationPortrait UIInterfaceOrientationPortraitUpsideDown UIInterfaceOrientationLandscapeLeft UIInterfaceOrientationLandscapeRight";
				INFOPLIST_KEY_UISupportedInterfaceOrientations_iPhone = "UIInterfaceOrientationPortrait UIInterfaceOrientationLandscapeLeft UIInterfaceOrientationLandscapeRight";
				LD_RUNPATH_SEARCH_PATHS = (
					"$(inherited)",
					"@executable_path/Frameworks",
				);
				MARKETING_VERSION = 1.0;
				PRODUCT_BUNDLE_IDENTIFIER = de.bitctrl.InternsProjectFinalFinal;
				PRODUCT_NAME = "$(TARGET_NAME)";
				SWIFT_EMIT_LOC_STRINGS = YES;
				SWIFT_VERSION = 5.0;
				TARGETED_DEVICE_FAMILY = "1,2";
			};
			name = Debug;
		};
		2CC8EEAE2E0888B0002750A1 /* Release */ = {
			isa = XCBuildConfiguration;
			buildSettings = {
				ASSETCATALOG_COMPILER_APPICON_NAME = AppIcon;
				ASSETCATALOG_COMPILER_GLOBAL_ACCENT_COLOR_NAME = AccentColor;
				CODE_SIGN_STYLE = Automatic;
				CURRENT_PROJECT_VERSION = 1;
				DEVELOPMENT_ASSET_PATHS = "\"InternsProject/Preview Content\"";
				DEVELOPMENT_TEAM = FZH5DP26CC;
				ENABLE_PREVIEWS = YES;
				GENERATE_INFOPLIST_FILE = YES;
				INFOPLIST_KEY_UIApplicationSceneManifest_Generation = YES;
				INFOPLIST_KEY_UIApplicationSupportsIndirectInputEvents = YES;
				INFOPLIST_KEY_UILaunchScreen_Generation = YES;
				INFOPLIST_KEY_UISupportedInterfaceOrientations_iPad = "UIInterfaceOrientationPortrait UIInterfaceOrientationPortraitUpsideDown UIInterfaceOrientationLandscapeLeft UIInterfaceOrientationLandscapeRight";
				INFOPLIST_KEY_UISupportedInterfaceOrientations_iPhone = "UIInterfaceOrientationPortrait UIInterfaceOrientationLandscapeLeft UIInterfaceOrientationLandscapeRight";
				LD_RUNPATH_SEARCH_PATHS = (
					"$(inherited)",
					"@executable_path/Frameworks",
				);
				MARKETING_VERSION = 1.0;
				PRODUCT_BUNDLE_IDENTIFIER = de.bitctrl.InternsProjectFinalFinal;
				PRODUCT_NAME = "$(TARGET_NAME)";
				SWIFT_EMIT_LOC_STRINGS = YES;
				SWIFT_VERSION = 5.0;
				TARGETED_DEVICE_FAMILY = "1,2";
			};
			name = Release;
		};
		2CC8EEB02E0888B0002750A1 /* Debug */ = {
			isa = XCBuildConfiguration;
			buildSettings = {
				BUNDLE_LOADER = "$(TEST_HOST)";
				CODE_SIGN_STYLE = Automatic;
				CURRENT_PROJECT_VERSION = 1;
				DEVELOPMENT_TEAM = 9G622BAHMH;
				GENERATE_INFOPLIST_FILE = YES;
				IPHONEOS_DEPLOYMENT_TARGET = 18.1;
				MARKETING_VERSION = 1.0;
				PRODUCT_BUNDLE_IDENTIFIER = de.bitctrl.InternsProject.InternsProjectTests;
				PRODUCT_NAME = "$(TARGET_NAME)";
				SWIFT_EMIT_LOC_STRINGS = NO;
				SWIFT_VERSION = 5.0;
				TARGETED_DEVICE_FAMILY = "1,2";
				TEST_HOST = "$(BUILT_PRODUCTS_DIR)/InternsProject.app/$(BUNDLE_EXECUTABLE_FOLDER_PATH)/InternsProject";
			};
			name = Debug;
		};
		2CC8EEB12E0888B0002750A1 /* Release */ = {
			isa = XCBuildConfiguration;
			buildSettings = {
				BUNDLE_LOADER = "$(TEST_HOST)";
				CODE_SIGN_STYLE = Automatic;
				CURRENT_PROJECT_VERSION = 1;
				DEVELOPMENT_TEAM = 9G622BAHMH;
				GENERATE_INFOPLIST_FILE = YES;
				IPHONEOS_DEPLOYMENT_TARGET = 18.1;
				MARKETING_VERSION = 1.0;
				PRODUCT_BUNDLE_IDENTIFIER = de.bitctrl.InternsProject.InternsProjectTests;
				PRODUCT_NAME = "$(TARGET_NAME)";
				SWIFT_EMIT_LOC_STRINGS = NO;
				SWIFT_VERSION = 5.0;
				TARGETED_DEVICE_FAMILY = "1,2";
				TEST_HOST = "$(BUILT_PRODUCTS_DIR)/InternsProject.app/$(BUNDLE_EXECUTABLE_FOLDER_PATH)/InternsProject";
			};
			name = Release;
		};
		2CC8EEB32E0888B0002750A1 /* Debug */ = {
			isa = XCBuildConfiguration;
			buildSettings = {
				CODE_SIGN_STYLE = Automatic;
				CURRENT_PROJECT_VERSION = 1;
				DEVELOPMENT_TEAM = 9G622BAHMH;
				GENERATE_INFOPLIST_FILE = YES;
				MARKETING_VERSION = 1.0;
				PRODUCT_BUNDLE_IDENTIFIER = de.bitctrl.InternsProject.InternsProjectUITests;
				PRODUCT_NAME = "$(TARGET_NAME)";
				SWIFT_EMIT_LOC_STRINGS = NO;
				SWIFT_VERSION = 5.0;
				TARGETED_DEVICE_FAMILY = "1,2";
				TEST_TARGET_NAME = InternsProject;
			};
			name = Debug;
		};
		2CC8EEB42E0888B0002750A1 /* Release */ = {
			isa = XCBuildConfiguration;
			buildSettings = {
				CODE_SIGN_STYLE = Automatic;
				CURRENT_PROJECT_VERSION = 1;
				DEVELOPMENT_TEAM = 9G622BAHMH;
				GENERATE_INFOPLIST_FILE = YES;
				MARKETING_VERSION = 1.0;
				PRODUCT_BUNDLE_IDENTIFIER = de.bitctrl.InternsProject.InternsProjectUITests;
				PRODUCT_NAME = "$(TARGET_NAME)";
				SWIFT_EMIT_LOC_STRINGS = NO;
				SWIFT_VERSION = 5.0;
				TARGETED_DEVICE_FAMILY = "1,2";
				TEST_TARGET_NAME = InternsProject;
			};
			name = Release;
		};
/* End XCBuildConfiguration section */

/* Begin XCConfigurationList section */
		2CC8EE832E0888AF002750A1 /* Build configuration list for PBXProject "InternsProject" */ = {
			isa = XCConfigurationList;
			buildConfigurations = (
				2CC8EEAA2E0888B0002750A1 /* Debug */,
				2CC8EEAB2E0888B0002750A1 /* Release */,
			);
			defaultConfigurationIsVisible = 0;
			defaultConfigurationName = Release;
		};
		2CC8EEAC2E0888B0002750A1 /* Build configuration list for PBXNativeTarget "InternsProject" */ = {
			isa = XCConfigurationList;
			buildConfigurations = (
				2CC8EEAD2E0888B0002750A1 /* Debug */,
				2CC8EEAE2E0888B0002750A1 /* Release */,
			);
			defaultConfigurationIsVisible = 0;
			defaultConfigurationName = Release;
		};
		2CC8EEAF2E0888B0002750A1 /* Build configuration list for PBXNativeTarget "InternsProjectTests" */ = {
			isa = XCConfigurationList;
			buildConfigurations = (
				2CC8EEB02E0888B0002750A1 /* Debug */,
				2CC8EEB12E0888B0002750A1 /* Release */,
			);
			defaultConfigurationIsVisible = 0;
			defaultConfigurationName = Release;
		};
		2CC8EEB22E0888B0002750A1 /* Build configuration list for PBXNativeTarget "InternsProjectUITests" */ = {
			isa = XCConfigurationList;
			buildConfigurations = (
				2CC8EEB32E0888B0002750A1 /* Debug */,
				2CC8EEB42E0888B0002750A1 /* Release */,
			);
			defaultConfigurationIsVisible = 0;
			defaultConfigurationName = Release;
		};
/* End XCConfigurationList section */
	};
	rootObject = 2CC8EE802E0888AF002750A1 /* Project object */;
}
